
Microsoft Visual Studio Solution File, Format Version 12.00
# Visual Studio Version 16
VisualStudioVersion = 16.0.31613.86
MinimumVisualStudioVersion = 10.0.40219.1
Project("{FAE04EC0-301F-11D3-BF4B-00C04F79EFBC}") = "IComparableDemo", "IComparableDemo.csproj", "{B89FE274-C7DA-4206-8247-29A0299FDD6E}"
EndProject
Global
	GlobalSection(SolutionConfigurationPlatforms) = preSolution
		Debug|Any CPU = Debug|Any CPU
		Release|Any CPU = Release|Any CPU
	EndGlobalSection
	GlobalSection(ProjectConfigurationPlatforms) = postSolution
		{B89FE274-C7DA-4206-8247-29A0299FDD6E}.Debug|Any CPU.ActiveCfg = Debug|Any CPU
		{B89FE274-C7DA-4206-8247-29A0299FDD6E}.Debug|Any CPU.Build.0 = Debug|Any CPU
		{B89FE274-C7DA-4206-8247-29A0299FDD6E}.Release|Any CPU.ActiveCfg = Release|Any CPU
		{B89FE274-C7DA-4206-8247-29A0299FDD6E}.Release|Any CPU.Build.0 = Release|Any CPU
	EndGlobalSection
	GlobalSection(SolutionProperties) = preSolution
		HideSolutionNode = FALSE
	EndGlobalSection
	GlobalSection(ExtensibilityGlobals) = postSolution
		SolutionGuid = {D158F80F-D6AF-4CBB-8E47-DB8346D0628C}
	EndGlobalSection
EndGlobal
